
Microsoft Visual Studio Solution File, Format Version 12.00
# Visual Studio Version 16
VisualStudioVersion = 16.0.29806.167
MinimumVisualStudioVersion = 10.0.40219.1
Project("{FAE04EC0-301F-11D3-BF4B-00C04F79EFBC}") = "Diagnol Difference", "Diagnol Difference.csproj", "{C721F074-1998-4EAC-A385-8EA64198D915}"
EndProject
Global
	GlobalSection(SolutionConfigurationPlatforms) = preSolution
		Debug|Any CPU = Debug|Any CPU
		Release|Any CPU = Release|Any CPU
	EndGlobalSection
	GlobalSection(ProjectConfigurationPlatforms) = postSolution
		{C721F074-1998-4EAC-A385-8EA64198D915}.Debug|Any CPU.ActiveCfg = Debug|Any CPU
		{C721F074-1998-4EAC-A385-8EA64198D915}.Debug|Any CPU.Build.0 = Debug|Any CPU
		{C721F074-1998-4EAC-A385-8EA64198D915}.Release|Any CPU.ActiveCfg = Release|Any CPU
		{C721F074-1998-4EAC-A385-8EA64198D915}.Release|Any CPU.Build.0 = Release|Any CPU
	EndGlobalSection
	GlobalSection(SolutionProperties) = preSolution
		HideSolutionNode = FALSE
	EndGlobalSection
	GlobalSection(ExtensibilityGlobals) = postSolution
		SolutionGuid = {1E5CB3FC-408F-4EBB-BF3D-9195CDA0B95E}
	EndGlobalSection
EndGlobal
